// !$*UTF8*$!
{
	archiveVersion = 1;
	classes = {
	};
	objectVersion = 56;
	objects = {

/* Begin PBXBuildFile section */
		8CCCDD432A9CD81F00464A1B /* Expense_TrackerApp.swift in Sources */ = {isa = PBXBuildFile; fileRef = 8CCCDD422A9CD81F00464A1B /* Expense_TrackerApp.swift */; };
		8CCCDD452A9CD81F00464A1B /* MainView.swift in Sources */ = {isa = PBXBuildFile; fileRef = 8CCCDD442A9CD81F00464A1B /* MainView.swift */; };
		8CCCDD472A9CD82000464A1B /* Assets.xcassets in Resources */ = {isa = PBXBuildFile; fileRef = 8CCCDD462A9CD82000464A1B /* Assets.xcassets */; };
		8CCCDD4A2A9CD82000464A1B /* Preview Assets.xcassets in Resources */ = {isa = PBXBuildFile; fileRef = 8CCCDD492A9CD82000464A1B /* Preview Assets.xcassets */; };
		8CCCDD542A9CD82000464A1B /* Expense_TrackerTests.swift in Sources */ = {isa = PBXBuildFile; fileRef = 8CCCDD532A9CD82000464A1B /* Expense_TrackerTests.swift */; };
		8CCCDD5E2A9CD82000464A1B /* Expense_TrackerUITests.swift in Sources */ = {isa = PBXBuildFile; fileRef = 8CCCDD5D2A9CD82000464A1B /* Expense_TrackerUITests.swift */; };
		8CCCDD602A9CD82000464A1B /* Expense_TrackerUITestsLaunchTests.swift in Sources */ = {isa = PBXBuildFile; fileRef = 8CCCDD5F2A9CD82000464A1B /* Expense_TrackerUITestsLaunchTests.swift */; };
		8CCCDD702A9CD96400464A1B /* ExpenseView.swift in Sources */ = {isa = PBXBuildFile; fileRef = 8CCCDD6F2A9CD96400464A1B /* ExpenseView.swift */; };
		8CCCDD722A9CD9BE00464A1B /* AddExpenseView.swift in Sources */ = {isa = PBXBuildFile; fileRef = 8CCCDD712A9CD9BE00464A1B /* AddExpenseView.swift */; };
		8CCCDD742A9CDA9600464A1B /* EditExpenseView.swift in Sources */ = {isa = PBXBuildFile; fileRef = 8CCCDD732A9CDA9600464A1B /* EditExpenseView.swift */; };
		8CCCDD762A9CDADF00464A1B /* SettingsView.swift in Sources */ = {isa = PBXBuildFile; fileRef = 8CCCDD752A9CDADF00464A1B /* SettingsView.swift */; };
		8CCCDD8E2AA48B8200464A1B /* ExpenseTracker.xcdatamodeld in Sources */ = {isa = PBXBuildFile; fileRef = 8CCCDD8C2AA48B8200464A1B /* ExpenseTracker.xcdatamodeld */; };
		8CCCDD902AA48C5000464A1B /* DataController.swift in Sources */ = {isa = PBXBuildFile; fileRef = 8CCCDD8F2AA48C5000464A1B /* DataController.swift */; };
		8CCCDD952AA86DF600464A1B /* ExpenseDetail.swift in Sources */ = {isa = PBXBuildFile; fileRef = 8CCCDD942AA86DF600464A1B /* ExpenseDetail.swift */; };
/* End PBXBuildFile section */

/* Begin PBXContainerItemProxy section */
		8CCCDD502A9CD82000464A1B /* PBXContainerItemProxy */ = {
			isa = PBXContainerItemProxy;
			containerPortal = 8CCCDD372A9CD81F00464A1B /* Project object */;
			proxyType = 1;
			remoteGlobalIDString = 8CCCDD3E2A9CD81F00464A1B;
			remoteInfo = "Expense Tracker";
		};
		8CCCDD5A2A9CD82000464A1B /* PBXContainerItemProxy */ = {
			isa = PBXContainerItemProxy;
			containerPortal = 8CCCDD372A9CD81F00464A1B /* Project object */;
			proxyType = 1;
			remoteGlobalIDString = 8CCCDD3E2A9CD81F00464A1B;
			remoteInfo = "Expense Tracker";
		};
/* End PBXContainerItemProxy section */

/* Begin PBXFileReference section */
		8CCCDD3F2A9CD81F00464A1B /* Expense Tracker.app */ = {isa = PBXFileReference; explicitFileType = wrapper.application; includeInIndex = 0; path = "Expense Tracker.app"; sourceTree = BUILT_PRODUCTS_DIR; };
		8CCCDD422A9CD81F00464A1B /* Expense_TrackerApp.swift */ = {isa = PBXFileReference; lastKnownFileType = sourcecode.swift; path = Expense_TrackerApp.swift; sourceTree = "<group>"; };
		8CCCDD442A9CD81F00464A1B /* MainView.swift */ = {isa = PBXFileReference; lastKnownFileType = sourcecode.swift; path = MainView.swift; sourceTree = "<group>"; };
		8CCCDD462A9CD82000464A1B /* Assets.xcassets */ = {isa = PBXFileReference; lastKnownFileType = folder.assetcatalog; path = Assets.xcassets; sourceTree = "<group>"; };
		8CCCDD492A9CD82000464A1B /* Preview Assets.xcassets */ = {isa = PBXFileReference; lastKnownFileType = folder.assetcatalog; path = "Preview Assets.xcassets"; sourceTree = "<group>"; };
		8CCCDD4F2A9CD82000464A1B /* Expense TrackerTests.xctest */ = {isa = PBXFileReference; explicitFileType = wrapper.cfbundle; includeInIndex = 0; path = "Expense TrackerTests.xctest"; sourceTree = BUILT_PRODUCTS_DIR; };
		8CCCDD532A9CD82000464A1B /* Expense_TrackerTests.swift */ = {isa = PBXFileReference; lastKnownFileType = sourcecode.swift; path = Expense_TrackerTests.swift; sourceTree = "<group>"; };
		8CCCDD592A9CD82000464A1B /* Expense TrackerUITests.xctest */ = {isa = PBXFileReference; explicitFileType = wrapper.cfbundle; includeInIndex = 0; path = "Expense TrackerUITests.xctest"; sourceTree = BUILT_PRODUCTS_DIR; };
		8CCCDD5D2A9CD82000464A1B /* Expense_TrackerUITests.swift */ = {isa = PBXFileReference; lastKnownFileType = sourcecode.swift; path = Expense_TrackerUITests.swift; sourceTree = "<group>"; };
		8CCCDD5F2A9CD82000464A1B /* Expense_TrackerUITestsLaunchTests.swift */ = {isa = PBXFileReference; lastKnownFileType = sourcecode.swift; path = Expense_TrackerUITestsLaunchTests.swift; sourceTree = "<group>"; };
		8CCCDD6F2A9CD96400464A1B /* ExpenseView.swift */ = {isa = PBXFileReference; lastKnownFileType = sourcecode.swift; path = ExpenseView.swift; sourceTree = "<group>"; };
		8CCCDD712A9CD9BE00464A1B /* AddExpenseView.swift */ = {isa = PBXFileReference; lastKnownFileType = sourcecode.swift; path = AddExpenseView.swift; sourceTree = "<group>"; };
		8CCCDD732A9CDA9600464A1B /* EditExpenseView.swift */ = {isa = PBXFileReference; lastKnownFileType = sourcecode.swift; path = EditExpenseView.swift; sourceTree = "<group>"; };
		8CCCDD752A9CDADF00464A1B /* SettingsView.swift */ = {isa = PBXFileReference; lastKnownFileType = sourcecode.swift; path = SettingsView.swift; sourceTree = "<group>"; };
		8CCCDD8D2AA48B8200464A1B /* ExpenseTracker.xcdatamodel */ = {isa = PBXFileReference; lastKnownFileType = wrapper.xcdatamodel; path = ExpenseTracker.xcdatamodel; sourceTree = "<group>"; };
		8CCCDD8F2AA48C5000464A1B /* DataController.swift */ = {isa = PBXFileReference; lastKnownFileType = sourcecode.swift; path = DataController.swift; sourceTree = "<group>"; };
		8CCCDD942AA86DF600464A1B /* ExpenseDetail.swift */ = {isa = PBXFileReference; lastKnownFileType = sourcecode.swift; path = ExpenseDetail.swift; sourceTree = "<group>"; };
/* End PBXFileReference section */

/* Begin PBXFrameworksBuildPhase section */
		8CCCDD3C2A9CD81F00464A1B /* Frameworks */ = {
			isa = PBXFrameworksBuildPhase;
			buildActionMask = 2147483647;
			files = (
			);
			runOnlyForDeploymentPostprocessing = 0;
		};
		8CCCDD4C2A9CD82000464A1B /* Frameworks */ = {
			isa = PBXFrameworksBuildPhase;
			buildActionMask = 2147483647;
			files = (
			);
			runOnlyForDeploymentPostprocessing = 0;
		};
		8CCCDD562A9CD82000464A1B /* Frameworks */ = {
			isa = PBXFrameworksBuildPhase;
			buildActionMask = 2147483647;
			files = (
			);
			runOnlyForDeploymentPostprocessing = 0;
		};
/* End PBXFrameworksBuildPhase section */

/* Begin PBXGroup section */
		8CCCDD362A9CD81F00464A1B = {
			isa = PBXGroup;
			children = (
				8CCCDD412A9CD81F00464A1B /* Expense Tracker */,
				8CCCDD522A9CD82000464A1B /* Expense TrackerTests */,
				8CCCDD5C2A9CD82000464A1B /* Expense TrackerUITests */,
				8CCCDD402A9CD81F00464A1B /* Products */,
			);
			sourceTree = "<group>";
		};
		8CCCDD402A9CD81F00464A1B /* Products */ = {
			isa = PBXGroup;
			children = (
				8CCCDD3F2A9CD81F00464A1B /* Expense Tracker.app */,
				8CCCDD4F2A9CD82000464A1B /* Expense TrackerTests.xctest */,
				8CCCDD592A9CD82000464A1B /* Expense TrackerUITests.xctest */,
			);
			name = Products;
			sourceTree = "<group>";
		};
		8CCCDD412A9CD81F00464A1B /* Expense Tracker */ = {
			isa = PBXGroup;
			children = (
				8CCCDD422A9CD81F00464A1B /* Expense_TrackerApp.swift */,
				8CCCDD6C2A9CD85400464A1B /* Views */,
				8CCCDD6D2A9CD87000464A1B /* Components */,
				8CCCDD6E2A9CD8C300464A1B /* DataModel */,
				8CCCDD462A9CD82000464A1B /* Assets.xcassets */,
				8CCCDD482A9CD82000464A1B /* Preview Content */,
			);
			path = "Expense Tracker";
			sourceTree = "<group>";
		};
		8CCCDD482A9CD82000464A1B /* Preview Content */ = {
			isa = PBXGroup;
			children = (
				8CCCDD492A9CD82000464A1B /* Preview Assets.xcassets */,
			);
			path = "Preview Content";
			sourceTree = "<group>";
		};
		8CCCDD522A9CD82000464A1B /* Expense TrackerTests */ = {
			isa = PBXGroup;
			children = (
				8CCCDD532A9CD82000464A1B /* Expense_TrackerTests.swift */,
			);
			path = "Expense TrackerTests";
			sourceTree = "<group>";
		};
		8CCCDD5C2A9CD82000464A1B /* Expense TrackerUITests */ = {
			isa = PBXGroup;
			children = (
				8CCCDD5D2A9CD82000464A1B /* Expense_TrackerUITests.swift */,
				8CCCDD5F2A9CD82000464A1B /* Expense_TrackerUITestsLaunchTests.swift */,
			);
			path = "Expense TrackerUITests";
			sourceTree = "<group>";
		};
		8CCCDD6C2A9CD85400464A1B /* Views */ = {
			isa = PBXGroup;
			children = (
				8CCCDD442A9CD81F00464A1B /* MainView.swift */,
				8CCCDD6F2A9CD96400464A1B /* ExpenseView.swift */,
				8CCCDD712A9CD9BE00464A1B /* AddExpenseView.swift */,
				8CCCDD732A9CDA9600464A1B /* EditExpenseView.swift */,
				8CCCDD752A9CDADF00464A1B /* SettingsView.swift */,
				8CCCDD8F2AA48C5000464A1B /* DataController.swift */,
				8CCCDD8C2AA48B8200464A1B /* ExpenseTracker.xcdatamodeld */,
			);
			path = Views;
			sourceTree = "<group>";
		};
		8CCCDD6D2A9CD87000464A1B /* Components */ = {
			isa = PBXGroup;
			children = (
				8CCCDD942AA86DF600464A1B /* ExpenseDetail.swift */,
			);
			path = Components;
			sourceTree = "<group>";
		};
		8CCCDD6E2A9CD8C300464A1B /* DataModel */ = {
			isa = PBXGroup;
			children = (
			);
			path = DataModel;
			sourceTree = "<group>";
		};
/* End PBXGroup section */

/* Begin PBXNativeTarget section */
		8CCCDD3E2A9CD81F00464A1B /* Expense Tracker */ = {
			isa = PBXNativeTarget;
			buildConfigurationList = 8CCCDD632A9CD82000464A1B /* Build configuration list for PBXNativeTarget "Expense Tracker" */;
			buildPhases = (
				8CCCDD3B2A9CD81F00464A1B /* Sources */,
				8CCCDD3C2A9CD81F00464A1B /* Frameworks */,
				8CCCDD3D2A9CD81F00464A1B /* Resources */,
			);
			buildRules = (
			);
			dependencies = (
			);
			name = "Expense Tracker";
			productName = "Expense Tracker";
			productReference = 8CCCDD3F2A9CD81F00464A1B /* Expense Tracker.app */;
			productType = "com.apple.product-type.application";
		};
		8CCCDD4E2A9CD82000464A1B /* Expense TrackerTests */ = {
			isa = PBXNativeTarget;
			buildConfigurationList = 8CCCDD662A9CD82000464A1B /* Build configuration list for PBXNativeTarget "Expense TrackerTests" */;
			buildPhases = (
				8CCCDD4B2A9CD82000464A1B /* Sources */,
				8CCCDD4C2A9CD82000464A1B /* Frameworks */,
				8CCCDD4D2A9CD82000464A1B /* Resources */,
			);
			buildRules = (
			);
			dependencies = (
				8CCCDD512A9CD82000464A1B /* PBXTargetDependency */,
			);
			name = "Expense TrackerTests";
			productName = "Expense TrackerTests";
			productReference = 8CCCDD4F2A9CD82000464A1B /* Expense TrackerTests.xctest */;
			productType = "com.apple.product-type.bundle.unit-test";
		};
		8CCCDD582A9CD82000464A1B /* Expense TrackerUITests */ = {
			isa = PBXNativeTarget;
			buildConfigurationList = 8CCCDD692A9CD82000464A1B /* Build configuration list for PBXNativeTarget "Expense TrackerUITests" */;
			buildPhases = (
				8CCCDD552A9CD82000464A1B /* Sources */,
				8CCCDD562A9CD82000464A1B /* Frameworks */,
				8CCCDD572A9CD82000464A1B /* Resources */,
			);
			buildRules = (
			);
			dependencies = (
				8CCCDD5B2A9CD82000464A1B /* PBXTargetDependency */,
			);
			name = "Expense TrackerUITests";
			productName = "Expense TrackerUITests";
			productReference = 8CCCDD592A9CD82000464A1B /* Expense TrackerUITests.xctest */;
			productType = "com.apple.product-type.bundle.ui-testing";
		};
/* End PBXNativeTarget section */

/* Begin PBXProject section */
		8CCCDD372A9CD81F00464A1B /* Project object */ = {
			isa = PBXProject;
			attributes = {
				BuildIndependentTargetsInParallel = 1;
				LastSwiftUpdateCheck = 1430;
				LastUpgradeCheck = 1430;
				TargetAttributes = {
					8CCCDD3E2A9CD81F00464A1B = {
						CreatedOnToolsVersion = 14.3.1;
					};
					8CCCDD4E2A9CD82000464A1B = {
						CreatedOnToolsVersion = 14.3.1;
						TestTargetID = 8CCCDD3E2A9CD81F00464A1B;
					};
					8CCCDD582A9CD82000464A1B = {
						CreatedOnToolsVersion = 14.3.1;
						TestTargetID = 8CCCDD3E2A9CD81F00464A1B;
					};
				};
			};
			buildConfigurationList = 8CCCDD3A2A9CD81F00464A1B /* Build configuration list for PBXProject "Expense Tracker" */;
			compatibilityVersion = "Xcode 14.0";
			developmentRegion = en;
			hasScannedForEncodings = 0;
			knownRegions = (
				en,
				Base,
			);
			mainGroup = 8CCCDD362A9CD81F00464A1B;
			productRefGroup = 8CCCDD402A9CD81F00464A1B /* Products */;
			projectDirPath = "";
			projectRoot = "";
			targets = (
				8CCCDD3E2A9CD81F00464A1B /* Expense Tracker */,
				8CCCDD4E2A9CD82000464A1B /* Expense TrackerTests */,
				8CCCDD582A9CD82000464A1B /* Expense TrackerUITests */,
			);
		};
/* End PBXProject section */

/* Begin PBXResourcesBuildPhase section */
		8CCCDD3D2A9CD81F00464A1B /* Resources */ = {
			isa = PBXResourcesBuildPhase;
			buildActionMask = 2147483647;
			files = (
				8CCCDD4A2A9CD82000464A1B /* Preview Assets.xcassets in Resources */,
				8CCCDD472A9CD82000464A1B /* Assets.xcassets in Resources */,
			);
			runOnlyForDeploymentPostprocessing = 0;
		};
		8CCCDD4D2A9CD82000464A1B /* Resources */ = {
			isa = PBXResourcesBuildPhase;
			buildActionMask = 2147483647;
			files = (
			);
			runOnlyForDeploymentPostprocessing = 0;
		};
		8CCCDD572A9CD82000464A1B /* Resources */ = {
			isa = PBXResourcesBuildPhase;
			buildActionMask = 2147483647;
			files = (
			);
			runOnlyForDeploymentPostprocessing = 0;
		};
/* End PBXResourcesBuildPhase section */

/* Begin PBXSourcesBuildPhase section */
		8CCCDD3B2A9CD81F00464A1B /* Sources */ = {
			isa = PBXSourcesBuildPhase;
			buildActionMask = 2147483647;
			files = (
				8CCCDD452A9CD81F00464A1B /* MainView.swift in Sources */,
				8CCCDD742A9CDA9600464A1B /* EditExpenseView.swift in Sources */,
				8CCCDD432A9CD81F00464A1B /* Expense_TrackerApp.swift in Sources */,
				8CCCDD762A9CDADF00464A1B /* SettingsView.swift in Sources */,
				8CCCDD702A9CD96400464A1B /* ExpenseView.swift in Sources */,
				8CCCDD902AA48C5000464A1B /* DataController.swift in Sources */,
				8CCCDD952AA86DF600464A1B /* ExpenseDetail.swift in Sources */,
				8CCCDD722A9CD9BE00464A1B /* AddExpenseView.swift in Sources */,
				8CCCDD8E2AA48B8200464A1B /* ExpenseTracker.xcdatamodeld in Sources */,
			);
			runOnlyForDeploymentPostprocessing = 0;
		};
		8CCCDD4B2A9CD82000464A1B /* Sources */ = {
			isa = PBXSourcesBuildPhase;
			buildActionMask = 2147483647;
			files = (
				8CCCDD542A9CD82000464A1B /* Expense_TrackerTests.swift in Sources */,
			);
			runOnlyForDeploymentPostprocessing = 0;
		};
		8CCCDD552A9CD82000464A1B /* Sources */ = {
			isa = PBXSourcesBuildPhase;
			buildActionMask = 2147483647;
			files = (
				8CCCDD602A9CD82000464A1B /* Expense_TrackerUITestsLaunchTests.swift in Sources */,
				8CCCDD5E2A9CD82000464A1B /* Expense_TrackerUITests.swift in Sources */,
			);
			runOnlyForDeploymentPostprocessing = 0;
		};
/* End PBXSourcesBuildPhase section */

/* Begin PBXTargetDependency section */
		8CCCDD512A9CD82000464A1B /* PBXTargetDependency */ = {
			isa = PBXTargetDependency;
			target = 8CCCDD3E2A9CD81F00464A1B /* Expense Tracker */;
			targetProxy = 8CCCDD502A9CD82000464A1B /* PBXContainerItemProxy */;
		};
		8CCCDD5B2A9CD82000464A1B /* PBXTargetDependency */ = {
			isa = PBXTargetDependency;
			target = 8CCCDD3E2A9CD81F00464A1B /* Expense Tracker */;
			targetProxy = 8CCCDD5A2A9CD82000464A1B /* PBXContainerItemProxy */;
		};
/* End PBXTargetDependency section */

/* Begin XCBuildConfiguration section */
		8CCCDD612A9CD82000464A1B /* Debug */ = {
			isa = XCBuildConfiguration;
			buildSettings = {
				ALWAYS_SEARCH_USER_PATHS = NO;
				CLANG_ANALYZER_NONNULL = YES;
				CLANG_ANALYZER_NUMBER_OBJECT_CONVERSION = YES_AGGRESSIVE;
				CLANG_CXX_LANGUAGE_STANDARD = "gnu++20";
				CLANG_ENABLE_MODULES = YES;
				CLANG_ENABLE_OBJC_ARC = YES;
				CLANG_ENABLE_OBJC_WEAK = YES;
				CLANG_WARN_BLOCK_CAPTURE_AUTORELEASING = YES;
				CLANG_WARN_BOOL_CONVERSION = YES;
				CLANG_WARN_COMMA = YES;
				CLANG_WARN_CONSTANT_CONVERSION = YES;
				CLANG_WARN_DEPRECATED_OBJC_IMPLEMENTATIONS = YES;
				CLANG_WARN_DIRECT_OBJC_ISA_USAGE = YES_ERROR;
				CLANG_WARN_DOCUMENTATION_COMMENTS = YES;
				CLANG_WARN_EMPTY_BODY = YES;
				CLANG_WARN_ENUM_CONVERSION = YES;
				CLANG_WARN_INFINITE_RECURSION = YES;
				CLANG_WARN_INT_CONVERSION = YES;
				CLANG_WARN_NON_LITERAL_NULL_CONVERSION = YES;
				CLANG_WARN_OBJC_IMPLICIT_RETAIN_SELF = YES;
				CLANG_WARN_OBJC_LITERAL_CONVERSION = YES;
				CLANG_WARN_OBJC_ROOT_CLASS = YES_ERROR;
				CLANG_WARN_QUOTED_INCLUDE_IN_FRAMEWORK_HEADER = YES;
				CLANG_WARN_RANGE_LOOP_ANALYSIS = YES;
				CLANG_WARN_STRICT_PROTOTYPES = YES;
				CLANG_WARN_SUSPICIOUS_MOVE = YES;
				CLANG_WARN_UNGUARDED_AVAILABILITY = YES_AGGRESSIVE;
				CLANG_WARN_UNREACHABLE_CODE = YES;
				CLANG_WARN__DUPLICATE_METHOD_MATCH = YES;
				COPY_PHASE_STRIP = NO;
				DEBUG_INFORMATION_FORMAT = dwarf;
				ENABLE_STRICT_OBJC_MSGSEND = YES;
				ENABLE_TESTABILITY = YES;
				GCC_C_LANGUAGE_STANDARD = gnu11;
				GCC_DYNAMIC_NO_PIC = NO;
				GCC_NO_COMMON_BLOCKS = YES;
				GCC_OPTIMIZATION_LEVEL = 0;
				GCC_PREPROCESSOR_DEFINITIONS = (
					"DEBUG=1",
					"$(inherited)",
				);
				GCC_WARN_64_TO_32_BIT_CONVERSION = YES;
				GCC_WARN_ABOUT_RETURN_TYPE = YES_ERROR;
				GCC_WARN_UNDECLARED_SELECTOR = YES;
				GCC_WARN_UNINITIALIZED_AUTOS = YES_AGGRESSIVE;
				GCC_WARN_UNUSED_FUNCTION = YES;
				GCC_WARN_UNUSED_VARIABLE = YES;
				IPHONEOS_DEPLOYMENT_TARGET = 16.4;
				MTL_ENABLE_DEBUG_INFO = INCLUDE_SOURCE;
				MTL_FAST_MATH = YES;
				ONLY_ACTIVE_ARCH = YES;
				SDKROOT = iphoneos;
				SWIFT_ACTIVE_COMPILATION_CONDITIONS = DEBUG;
				SWIFT_OPTIMIZATION_LEVEL = "-Onone";
			};
			name = Debug;
		};
		8CCCDD622A9CD82000464A1B /* Release */ = {
			isa = XCBuildConfiguration;
			buildSettings = {
				ALWAYS_SEARCH_USER_PATHS = NO;
				CLANG_ANALYZER_NONNULL = YES;
				CLANG_ANALYZER_NUMBER_OBJECT_CONVERSION = YES_AGGRESSIVE;
				CLANG_CXX_LANGUAGE_STANDARD = "gnu++20";
				CLANG_ENABLE_MODULES = YES;
				CLANG_ENABLE_OBJC_ARC = YES;
				CLANG_ENABLE_OBJC_WEAK = YES;
				CLANG_WARN_BLOCK_CAPTURE_AUTORELEASING = YES;
				CLANG_WARN_BOOL_CONVERSION = YES;
				CLANG_WARN_COMMA = YES;
				CLANG_WARN_CONSTANT_CONVERSION = YES;
				CLANG_WARN_DEPRECATED_OBJC_IMPLEMENTATIONS = YES;
				CLANG_WARN_DIRECT_OBJC_ISA_USAGE = YES_ERROR;
				CLANG_WARN_DOCUMENTATION_COMMENTS = YES;
				CLANG_WARN_EMPTY_BODY = YES;
				CLANG_WARN_ENUM_CONVERSION = YES;
				CLANG_WARN_INFINITE_RECURSION = YES;
				CLANG_WARN_INT_CONVERSION = YES;
				CLANG_WARN_NON_LITERAL_NULL_CONVERSION = YES;
				CLANG_WARN_OBJC_IMPLICIT_RETAIN_SELF = YES;
				CLANG_WARN_OBJC_LITERAL_CONVERSION = YES;
				CLANG_WARN_OBJC_ROOT_CLASS = YES_ERROR;
				CLANG_WARN_QUOTED_INCLUDE_IN_FRAMEWORK_HEADER = YES;
				CLANG_WARN_RANGE_LOOP_ANALYSIS = YES;
				CLANG_WARN_STRICT_PROTOTYPES = YES;
				CLANG_WARN_SUSPICIOUS_MOVE = YES;
				CLANG_WARN_UNGUARDED_AVAILABILITY = YES_AGGRESSIVE;
				CLANG_WARN_UNREACHABLE_CODE = YES;
				CLANG_WARN__DUPLICATE_METHOD_MATCH = YES;
				COPY_PHASE_STRIP = NO;
				DEBUG_INFORMATION_FORMAT = "dwarf-with-dsym";
				ENABLE_NS_ASSERTIONS = NO;
				ENABLE_STRICT_OBJC_MSGSEND = YES;
				GCC_C_LANGUAGE_STANDARD = gnu11;
				GCC_NO_COMMON_BLOCKS = YES;
				GCC_WARN_64_TO_32_BIT_CONVERSION = YES;
				GCC_WARN_ABOUT_RETURN_TYPE = YES_ERROR;
				GCC_WARN_UNDECLARED_SELECTOR = YES;
				GCC_WARN_UNINITIALIZED_AUTOS = YES_AGGRESSIVE;
				GCC_WARN_UNUSED_FUNCTION = YES;
				GCC_WARN_UNUSED_VARIABLE = YES;
				IPHONEOS_DEPLOYMENT_TARGET = 16.4;
				MTL_ENABLE_DEBUG_INFO = NO;
				MTL_FAST_MATH = YES;
				SDKROOT = iphoneos;
				SWIFT_COMPILATION_MODE = wholemodule;
				SWIFT_OPTIMIZATION_LEVEL = "-O";
				VALIDATE_PRODUCT = YES;
			};
			name = Release;
		};
		8CCCDD642A9CD82000464A1B /* Debug */ = {
			isa = XCBuildConfiguration;
			buildSettings = {
				ASSETCATALOG_COMPILER_APPICON_NAME = AppIcon;
				ASSETCATALOG_COMPILER_GLOBAL_ACCENT_COLOR_NAME = AccentColor;
				CODE_SIGN_STYLE = Automatic;
				CURRENT_PROJECT_VERSION = 1;
				DEVELOPMENT_ASSET_PATHS = "\"Expense Tracker/Preview Content\"";
				DEVELOPMENT_TEAM = 2567VRZA66;
				ENABLE_PREVIEWS = YES;
				GENERATE_INFOPLIST_FILE = YES;
				INFOPLIST_KEY_UIApplicationSceneManifest_Generation = YES;
				INFOPLIST_KEY_UIApplicationSupportsIndirectInputEvents = YES;
				INFOPLIST_KEY_UILaunchScreen_Generation = YES;
				INFOPLIST_KEY_UISupportedInterfaceOrientations_iPad = "UIInterfaceOrientationPortrait UIInterfaceOrientationPortraitUpsideDown UIInterfaceOrientationLandscapeLeft UIInterfaceOrientationLandscapeRight";
				INFOPLIST_KEY_UISupportedInterfaceOrientations_iPhone = "UIInterfaceOrientationPortrait UIInterfaceOrientationLandscapeLeft UIInterfaceOrientationLandscapeRight";
				LD_RUNPATH_SEARCH_PATHS = (
					"$(inherited)",
					"@executable_path/Frameworks",
				);
				MARKETING_VERSION = 1.0;
				PRODUCT_BUNDLE_IDENTIFIER = "aime.Expense-Tracker";
				PRODUCT_NAME = "$(TARGET_NAME)";
				SWIFT_EMIT_LOC_STRINGS = YES;
				SWIFT_VERSION = 5.0;
				TARGETED_DEVICE_FAMILY = "1,2";
			};
			name = Debug;
		};
		8CCCDD652A9CD82000464A1B /* Release */ = {
			isa = XCBuildConfiguration;
			buildSettings = {
				ASSETCATALOG_COMPILER_APPICON_NAME = AppIcon;
				ASSETCATALOG_COMPILER_GLOBAL_ACCENT_COLOR_NAME = AccentColor;
				CODE_SIGN_STYLE = Automatic;
				CURRENT_PROJECT_VERSION = 1;
				DEVELOPMENT_ASSET_PATHS = "\"Expense Tracker/Preview Content\"";
				DEVELOPMENT_TEAM = 2567VRZA66;
				ENABLE_PREVIEWS = YES;
				GENERATE_INFOPLIST_FILE = YES;
				INFOPLIST_KEY_UIApplicationSceneManifest_Generation = YES;
				INFOPLIST_KEY_UIApplicationSupportsIndirectInputEvents = YES;
				INFOPLIST_KEY_UILaunchScreen_Generation = YES;
				INFOPLIST_KEY_UISupportedInterfaceOrientations_iPad = "UIInterfaceOrientationPortrait UIInterfaceOrientationPortraitUpsideDown UIInterfaceOrientationLandscapeLeft UIInterfaceOrientationLandscapeRight";
				INFOPLIST_KEY_UISupportedInterfaceOrientations_iPhone = "UIInterfaceOrientationPortrait UIInterfaceOrientationLandscapeLeft UIInterfaceOrientationLandscapeRight";
				LD_RUNPATH_SEARCH_PATHS = (
					"$(inherited)",
					"@executable_path/Frameworks",
				);
				MARKETING_VERSION = 1.0;
				PRODUCT_BUNDLE_IDENTIFIER = "aime.Expense-Tracker";
				PRODUCT_NAME = "$(TARGET_NAME)";
				SWIFT_EMIT_LOC_STRINGS = YES;
				SWIFT_VERSION = 5.0;
				TARGETED_DEVICE_FAMILY = "1,2";
			};
			name = Release;
		};
		8CCCDD672A9CD82000464A1B /* Debug */ = {
			isa = XCBuildConfiguration;
			buildSettings = {
				ALWAYS_EMBED_SWIFT_STANDARD_LIBRARIES = YES;
				BUNDLE_LOADER = "$(TEST_HOST)";
				CODE_SIGN_STYLE = Automatic;
				CURRENT_PROJECT_VERSION = 1;
				DEVELOPMENT_TEAM = 2567VRZA66;
				GENERATE_INFOPLIST_FILE = YES;
				IPHONEOS_DEPLOYMENT_TARGET = 16.4;
				MARKETING_VERSION = 1.0;
				PRODUCT_BUNDLE_IDENTIFIER = "aime.Expense-TrackerTests";
				PRODUCT_NAME = "$(TARGET_NAME)";
				SWIFT_EMIT_LOC_STRINGS = NO;
				SWIFT_VERSION = 5.0;
				TARGETED_DEVICE_FAMILY = "1,2";
				TEST_HOST = "$(BUILT_PRODUCTS_DIR)/Expense Tracker.app/$(BUNDLE_EXECUTABLE_FOLDER_PATH)/Expense Tracker";
			};
			name = Debug;
		};
		8CCCDD682A9CD82000464A1B /* Release */ = {
			isa = XCBuildConfiguration;
			buildSettings = {
				ALWAYS_EMBED_SWIFT_STANDARD_LIBRARIES = YES;
				BUNDLE_LOADER = "$(TEST_HOST)";
				CODE_SIGN_STYLE = Automatic;
				CURRENT_PROJECT_VERSION = 1;
				DEVELOPMENT_TEAM = 2567VRZA66;
				GENERATE_INFOPLIST_FILE = YES;
				IPHONEOS_DEPLOYMENT_TARGET = 16.4;
				MARKETING_VERSION = 1.0;
				PRODUCT_BUNDLE_IDENTIFIER = "aime.Expense-TrackerTests";
				PRODUCT_NAME = "$(TARGET_NAME)";
				SWIFT_EMIT_LOC_STRINGS = NO;
				SWIFT_VERSION = 5.0;
				TARGETED_DEVICE_FAMILY = "1,2";
				TEST_HOST = "$(BUILT_PRODUCTS_DIR)/Expense Tracker.app/$(BUNDLE_EXECUTABLE_FOLDER_PATH)/Expense Tracker";
			};
			name = Release;
		};
		8CCCDD6A2A9CD82000464A1B /* Debug */ = {
			isa = XCBuildConfiguration;
			buildSettings = {
				ALWAYS_EMBED_SWIFT_STANDARD_LIBRARIES = YES;
				CODE_SIGN_STYLE = Automatic;
				CURRENT_PROJECT_VERSION = 1;
				DEVELOPMENT_TEAM = 2567VRZA66;
				GENERATE_INFOPLIST_FILE = YES;
				MARKETING_VERSION = 1.0;
				PRODUCT_BUNDLE_IDENTIFIER = "aime.Expense-TrackerUITests";
				PRODUCT_NAME = "$(TARGET_NAME)";
				SWIFT_EMIT_LOC_STRINGS = NO;
				SWIFT_VERSION = 5.0;
				TARGETED_DEVICE_FAMILY = "1,2";
				TEST_TARGET_NAME = "Expense Tracker";
			};
			name = Debug;
		};
		8CCCDD6B2A9CD82000464A1B /* Release */ = {
			isa = XCBuildConfiguration;
			buildSettings = {
				ALWAYS_EMBED_SWIFT_STANDARD_LIBRARIES = YES;
				CODE_SIGN_STYLE = Automatic;
				CURRENT_PROJECT_VERSION = 1;
				DEVELOPMENT_TEAM = 2567VRZA66;
				GENERATE_INFOPLIST_FILE = YES;
				MARKETING_VERSION = 1.0;
				PRODUCT_BUNDLE_IDENTIFIER = "aime.Expense-TrackerUITests";
				PRODUCT_NAME = "$(TARGET_NAME)";
				SWIFT_EMIT_LOC_STRINGS = NO;
				SWIFT_VERSION = 5.0;
				TARGETED_DEVICE_FAMILY = "1,2";
				TEST_TARGET_NAME = "Expense Tracker";
			};
			name = Release;
		};
/* End XCBuildConfiguration section */

/* Begin XCConfigurationList section */
		8CCCDD3A2A9CD81F00464A1B /* Build configuration list for PBXProject "Expense Tracker" */ = {
			isa = XCConfigurationList;
			buildConfigurations = (
				8CCCDD612A9CD82000464A1B /* Debug */,
				8CCCDD622A9CD82000464A1B /* Release */,
			);
			defaultConfigurationIsVisible = 0;
			defaultConfigurationName = Release;
		};
		8CCCDD632A9CD82000464A1B /* Build configuration list for PBXNativeTarget "Expense Tracker" */ = {
			isa = XCConfigurationList;
			buildConfigurations = (
				8CCCDD642A9CD82000464A1B /* Debug */,
				8CCCDD652A9CD82000464A1B /* Release */,
			);
			defaultConfigurationIsVisible = 0;
			defaultConfigurationName = Release;
		};
		8CCCDD662A9CD82000464A1B /* Build configuration list for PBXNativeTarget "Expense TrackerTests" */ = {
			isa = XCConfigurationList;
			buildConfigurations = (
				8CCCDD672A9CD82000464A1B /* Debug */,
				8CCCDD682A9CD82000464A1B /* Release */,
			);
			defaultConfigurationIsVisible = 0;
			defaultConfigurationName = Release;
		};
		8CCCDD692A9CD82000464A1B /* Build configuration list for PBXNativeTarget "Expense TrackerUITests" */ = {
			isa = XCConfigurationList;
			buildConfigurations = (
				8CCCDD6A2A9CD82000464A1B /* Debug */,
				8CCCDD6B2A9CD82000464A1B /* Release */,
			);
			defaultConfigurationIsVisible = 0;
			defaultConfigurationName = Release;
		};
/* End XCConfigurationList section */

/* Begin XCVersionGroup section */
		8CCCDD8C2AA48B8200464A1B /* ExpenseTracker.xcdatamodeld */ = {
			isa = XCVersionGroup;
			children = (
				8CCCDD8D2AA48B8200464A1B /* ExpenseTracker.xcdatamodel */,
			);
			currentVersion = 8CCCDD8D2AA48B8200464A1B /* ExpenseTracker.xcdatamodel */;
			path = ExpenseTracker.xcdatamodeld;
			sourceTree = "<group>";
			versionGroupType = wrapper.xcdatamodel;
		};
/* End XCVersionGroup section */
	};
	rootObject = 8CCCDD372A9CD81F00464A1B /* Project object */;
}
